
Microsoft Visual Studio Solution File, Format Version 12.00
# Visual Studio Version 16
VisualStudioVersion = 16.0.31205.134
MinimumVisualStudioVersion = 10.0.40219.1
Project("{FAE04EC0-301F-11D3-BF4B-00C04F79EFBC}") = "EF_BulkAction", "EF_BulkAction\EF_BulkAction.csproj", "{29593AE1-961B-4764-AF5C-7A7976648C04}"
EndProject
Global
	GlobalSection(SolutionConfigurationPlatforms) = preSolution
		Debug|Any CPU = Debug|Any CPU
		Release|Any CPU = Release|Any CPU
	EndGlobalSection
	GlobalSection(ProjectConfigurationPlatforms) = postSolution
		{29593AE1-961B-4764-AF5C-7A7976648C04}.Debug|Any CPU.ActiveCfg = Debug|Any CPU
		{29593AE1-961B-4764-AF5C-7A7976648C04}.Debug|Any CPU.Build.0 = Debug|Any CPU
		{29593AE1-961B-4764-AF5C-7A7976648C04}.Release|Any CPU.ActiveCfg = Release|Any CPU
		{29593AE1-961B-4764-AF5C-7A7976648C04}.Release|Any CPU.Build.0 = Release|Any CPU
	EndGlobalSection
	GlobalSection(SolutionProperties) = preSolution
		HideSolutionNode = FALSE
	EndGlobalSection
	GlobalSection(ExtensibilityGlobals) = postSolution
		SolutionGuid = {7C4EDF3B-98D4-4740-B6DD-E792BB9AADAD}
	EndGlobalSection
EndGlobal
